
Microsoft Visual Studio Solution File, Format Version 12.00
# Visual Studio Version 17
VisualStudioVersion = 17.3.32929.385
MinimumVisualStudioVersion = 10.0.40219.1
Project("{FAE04EC0-301F-11D3-BF4B-00C04F79EFBC}") = "AssignmentTracker", "AssignmentTracker\AssignmentTracker.csproj", "{93C9CA6D-E1CF-4800-ADC4-07160DF5BBEE}"
EndProject
Global
	GlobalSection(SolutionConfigurationPlatforms) = preSolution
		Debug|Any CPU = Debug|Any CPU
		Release|Any CPU = Release|Any CPU
	EndGlobalSection
	GlobalSection(ProjectConfigurationPlatforms) = postSolution
		{93C9CA6D-E1CF-4800-ADC4-07160DF5BBEE}.Debug|Any CPU.ActiveCfg = Debug|Any CPU
		{93C9CA6D-E1CF-4800-ADC4-07160DF5BBEE}.Debug|Any CPU.Build.0 = Debug|Any CPU
		{93C9CA6D-E1CF-4800-ADC4-07160DF5BBEE}.Debug|Any CPU.Deploy.0 = Debug|Any CPU
		{93C9CA6D-E1CF-4800-ADC4-07160DF5BBEE}.Release|Any CPU.ActiveCfg = Release|Any CPU
		{93C9CA6D-E1CF-4800-ADC4-07160DF5BBEE}.Release|Any CPU.Build.0 = Release|Any CPU
		{93C9CA6D-E1CF-4800-ADC4-07160DF5BBEE}.Release|Any CPU.Deploy.0 = Release|Any CPU
	EndGlobalSection
	GlobalSection(SolutionProperties) = preSolution
		HideSolutionNode = FALSE
	EndGlobalSection
	GlobalSection(ExtensibilityGlobals) = postSolution
		SolutionGuid = {277E164F-E9AF-4359-9B8C-B303DBA4B6AE}
	EndGlobalSection
EndGlobal
